// !$*UTF8*$!
{
	archiveVersion = 1;
	classes = {
	};
	objectVersion = 50;
	objects = {

/* Begin PBXBuildFile section */
		4EC2D1ED24104E2900F5FBE8 /* AppDelegate.swift in Sources */ = {isa = PBXBuildFile; fileRef = 4EC2D1EC24104E2900F5FBE8 /* AppDelegate.swift */; };
		4EC2D1EF24104E2900F5FBE8 /* SceneDelegate.swift in Sources */ = {isa = PBXBuildFile; fileRef = 4EC2D1EE24104E2900F5FBE8 /* SceneDelegate.swift */; };
		4EC2D1F124104E2900F5FBE8 /* ViewController.swift in Sources */ = {isa = PBXBuildFile; fileRef = 4EC2D1F024104E2900F5FBE8 /* ViewController.swift */; };
		4EC2D1F424104E2900F5FBE8 /* Main.storyboard in Resources */ = {isa = PBXBuildFile; fileRef = 4EC2D1F224104E2900F5FBE8 /* Main.storyboard */; };
		4EC2D1F624104E2A00F5FBE8 /* Assets.xcassets in Resources */ = {isa = PBXBuildFile; fileRef = 4EC2D1F524104E2A00F5FBE8 /* Assets.xcassets */; };
		4EC2D1F924104E2A00F5FBE8 /* LaunchScreen.storyboard in Resources */ = {isa = PBXBuildFile; fileRef = 4EC2D1F724104E2A00F5FBE8 /* LaunchScreen.storyboard */; };
		4EC2D20424104E2A00F5FBE8 /* PeetMeeTests.swift in Sources */ = {isa = PBXBuildFile; fileRef = 4EC2D20324104E2A00F5FBE8 /* PeetMeeTests.swift */; };
		4EC2D20F24104E2A00F5FBE8 /* PeetMeeUITests.swift in Sources */ = {isa = PBXBuildFile; fileRef = 4EC2D20E24104E2A00F5FBE8 /* PeetMeeUITests.swift */; };
/* End PBXBuildFile section */

/* Begin PBXContainerItemProxy section */
		4EC2D20024104E2A00F5FBE8 /* PBXContainerItemProxy */ = {
			isa = PBXContainerItemProxy;
			containerPortal = 4EC2D1E124104E2900F5FBE8 /* Project object */;
			proxyType = 1;
			remoteGlobalIDString = 4EC2D1E824104E2900F5FBE8;
			remoteInfo = PeetMee;
		};
		4EC2D20B24104E2A00F5FBE8 /* PBXContainerItemProxy */ = {
			isa = PBXContainerItemProxy;
			containerPortal = 4EC2D1E124104E2900F5FBE8 /* Project object */;
			proxyType = 1;
			remoteGlobalIDString = 4EC2D1E824104E2900F5FBE8;
			remoteInfo = PeetMee;
		};
/* End PBXContainerItemProxy section */

/* Begin PBXFileReference section */
		4EC2D1E924104E2900F5FBE8 /* PeetMee.app */ = {isa = PBXFileReference; explicitFileType = wrapper.application; includeInIndex = 0; path = PeetMee.app; sourceTree = BUILT_PRODUCTS_DIR; };
		4EC2D1EC24104E2900F5FBE8 /* AppDelegate.swift */ = {isa = PBXFileReference; lastKnownFileType = sourcecode.swift; path = AppDelegate.swift; sourceTree = "<group>"; };
		4EC2D1EE24104E2900F5FBE8 /* SceneDelegate.swift */ = {isa = PBXFileReference; lastKnownFileType = sourcecode.swift; path = SceneDelegate.swift; sourceTree = "<group>"; };
		4EC2D1F024104E2900F5FBE8 /* ViewController.swift */ = {isa = PBXFileReference; lastKnownFileType = sourcecode.swift; path = ViewController.swift; sourceTree = "<group>"; };
		4EC2D1F324104E2900F5FBE8 /* Base */ = {isa = PBXFileReference; lastKnownFileType = file.storyboard; name = Base; path = Base.lproj/Main.storyboard; sourceTree = "<group>"; };
		4EC2D1F524104E2A00F5FBE8 /* Assets.xcassets */ = {isa = PBXFileReference; lastKnownFileType = folder.assetcatalog; path = Assets.xcassets; sourceTree = "<group>"; };
		4EC2D1F824104E2A00F5FBE8 /* Base */ = {isa = PBXFileReference; lastKnownFileType = file.storyboard; name = Base; path = Base.lproj/LaunchScreen.storyboard; sourceTree = "<group>"; };
		4EC2D1FA24104E2A00F5FBE8 /* Info.plist */ = {isa = PBXFileReference; lastKnownFileType = text.plist.xml; path = Info.plist; sourceTree = "<group>"; };
		4EC2D1FF24104E2A00F5FBE8 /* PeetMeeTests.xctest */ = {isa = PBXFileReference; explicitFileType = wrapper.cfbundle; includeInIndex = 0; path = PeetMeeTests.xctest; sourceTree = BUILT_PRODUCTS_DIR; };
		4EC2D20324104E2A00F5FBE8 /* PeetMeeTests.swift */ = {isa = PBXFileReference; lastKnownFileType = sourcecode.swift; path = PeetMeeTests.swift; sourceTree = "<group>"; };
		4EC2D20524104E2A00F5FBE8 /* Info.plist */ = {isa = PBXFileReference; lastKnownFileType = text.plist.xml; path = Info.plist; sourceTree = "<group>"; };
		4EC2D20A24104E2A00F5FBE8 /* PeetMeeUITests.xctest */ = {isa = PBXFileReference; explicitFileType = wrapper.cfbundle; includeInIndex = 0; path = PeetMeeUITests.xctest; sourceTree = BUILT_PRODUCTS_DIR; };
		4EC2D20E24104E2A00F5FBE8 /* PeetMeeUITests.swift */ = {isa = PBXFileReference; lastKnownFileType = sourcecode.swift; path = PeetMeeUITests.swift; sourceTree = "<group>"; };
		4EC2D21024104E2A00F5FBE8 /* Info.plist */ = {isa = PBXFileReference; lastKnownFileType = text.plist.xml; path = Info.plist; sourceTree = "<group>"; };
/* End PBXFileReference section */

/* Begin PBXFrameworksBuildPhase section */
		4EC2D1E624104E2900F5FBE8 /* Frameworks */ = {
			isa = PBXFrameworksBuildPhase;
			buildActionMask = 2147483647;
			files = (
			);
			runOnlyForDeploymentPostprocessing = 0;
		};
		4EC2D1FC24104E2A00F5FBE8 /* Frameworks */ = {
			isa = PBXFrameworksBuildPhase;
			buildActionMask = 2147483647;
			files = (
			);
			runOnlyForDeploymentPostprocessing = 0;
		};
		4EC2D20724104E2A00F5FBE8 /* Frameworks */ = {
			isa = PBXFrameworksBuildPhase;
			buildActionMask = 2147483647;
			files = (
			);
			runOnlyForDeploymentPostprocessing = 0;
		};
/* End PBXFrameworksBuildPhase section */

/* Begin PBXGroup section */
		4EC2D1E024104E2900F5FBE8 = {
			isa = PBXGroup;
			children = (
				4EC2D1EB24104E2900F5FBE8 /* PeetMee */,
				4EC2D20224104E2A00F5FBE8 /* PeetMeeTests */,
				4EC2D20D24104E2A00F5FBE8 /* PeetMeeUITests */,
				4EC2D1EA24104E2900F5FBE8 /* Products */,
			);
			sourceTree = "<group>";
		};
		4EC2D1EA24104E2900F5FBE8 /* Products */ = {
			isa = PBXGroup;
			children = (
				4EC2D1E924104E2900F5FBE8 /* PeetMee.app */,
				4EC2D1FF24104E2A00F5FBE8 /* PeetMeeTests.xctest */,
				4EC2D20A24104E2A00F5FBE8 /* PeetMeeUITests.xctest */,
			);
			name = Products;
			sourceTree = "<group>";
		};
		4EC2D1EB24104E2900F5FBE8 /* PeetMee */ = {
			isa = PBXGroup;
			children = (
				4EC2D1EC24104E2900F5FBE8 /* AppDelegate.swift */,
				4EC2D1EE24104E2900F5FBE8 /* SceneDelegate.swift */,
				4EC2D1F024104E2900F5FBE8 /* ViewController.swift */,
				4EC2D1F224104E2900F5FBE8 /* Main.storyboard */,
				4EC2D1F524104E2A00F5FBE8 /* Assets.xcassets */,
				4EC2D1F724104E2A00F5FBE8 /* LaunchScreen.storyboard */,
				4EC2D1FA24104E2A00F5FBE8 /* Info.plist */,
			);
			path = PeetMee;
			sourceTree = "<group>";
		};
		4EC2D20224104E2A00F5FBE8 /* PeetMeeTests */ = {
			isa = PBXGroup;
			children = (
				4EC2D20324104E2A00F5FBE8 /* PeetMeeTests.swift */,
				4EC2D20524104E2A00F5FBE8 /* Info.plist */,
			);
			path = PeetMeeTests;
			sourceTree = "<group>";
		};
		4EC2D20D24104E2A00F5FBE8 /* PeetMeeUITests */ = {
			isa = PBXGroup;
			children = (
				4EC2D20E24104E2A00F5FBE8 /* PeetMeeUITests.swift */,
				4EC2D21024104E2A00F5FBE8 /* Info.plist */,
			);
			path = PeetMeeUITests;
			sourceTree = "<group>";
		};
/* End PBXGroup section */

/* Begin PBXNativeTarget section */
		4EC2D1E824104E2900F5FBE8 /* PeetMee */ = {
			isa = PBXNativeTarget;
			buildConfigurationList = 4EC2D21324104E2A00F5FBE8 /* Build configuration list for PBXNativeTarget "PeetMee" */;
			buildPhases = (
				4EC2D1E524104E2900F5FBE8 /* Sources */,
				4EC2D1E624104E2900F5FBE8 /* Frameworks */,
				4EC2D1E724104E2900F5FBE8 /* Resources */,
			);
			buildRules = (
			);
			dependencies = (
			);
			name = PeetMee;
			productName = PeetMee;
			productReference = 4EC2D1E924104E2900F5FBE8 /* PeetMee.app */;
			productType = "com.apple.product-type.application";
		};
		4EC2D1FE24104E2A00F5FBE8 /* PeetMeeTests */ = {
			isa = PBXNativeTarget;
			buildConfigurationList = 4EC2D21624104E2A00F5FBE8 /* Build configuration list for PBXNativeTarget "PeetMeeTests" */;
			buildPhases = (
				4EC2D1FB24104E2A00F5FBE8 /* Sources */,
				4EC2D1FC24104E2A00F5FBE8 /* Frameworks */,
				4EC2D1FD24104E2A00F5FBE8 /* Resources */,
			);
			buildRules = (
			);
			dependencies = (
				4EC2D20124104E2A00F5FBE8 /* PBXTargetDependency */,
			);
			name = PeetMeeTests;
			productName = PeetMeeTests;
			productReference = 4EC2D1FF24104E2A00F5FBE8 /* PeetMeeTests.xctest */;
			productType = "com.apple.product-type.bundle.unit-test";
		};
		4EC2D20924104E2A00F5FBE8 /* PeetMeeUITests */ = {
			isa = PBXNativeTarget;
			buildConfigurationList = 4EC2D21924104E2A00F5FBE8 /* Build configuration list for PBXNativeTarget "PeetMeeUITests" */;
			buildPhases = (
				4EC2D20624104E2A00F5FBE8 /* Sources */,
				4EC2D20724104E2A00F5FBE8 /* Frameworks */,
				4EC2D20824104E2A00F5FBE8 /* Resources */,
			);
			buildRules = (
			);
			dependencies = (
				4EC2D20C24104E2A00F5FBE8 /* PBXTargetDependency */,
			);
			name = PeetMeeUITests;
			productName = PeetMeeUITests;
			productReference = 4EC2D20A24104E2A00F5FBE8 /* PeetMeeUITests.xctest */;
			productType = "com.apple.product-type.bundle.ui-testing";
		};
/* End PBXNativeTarget section */

/* Begin PBXProject section */
		4EC2D1E124104E2900F5FBE8 /* Project object */ = {
			isa = PBXProject;
			attributes = {
				LastSwiftUpdateCheck = 1100;
				LastUpgradeCheck = 1100;
				ORGANIZATIONNAME = "Carlos Rodriguez Guerrero";
				TargetAttributes = {
					4EC2D1E824104E2900F5FBE8 = {
						CreatedOnToolsVersion = 11.0;
					};
					4EC2D1FE24104E2A00F5FBE8 = {
						CreatedOnToolsVersion = 11.0;
						TestTargetID = 4EC2D1E824104E2900F5FBE8;
					};
					4EC2D20924104E2A00F5FBE8 = {
						CreatedOnToolsVersion = 11.0;
						TestTargetID = 4EC2D1E824104E2900F5FBE8;
					};
				};
			};
			buildConfigurationList = 4EC2D1E424104E2900F5FBE8 /* Build configuration list for PBXProject "PeetMee" */;
			compatibilityVersion = "Xcode 9.3";
			developmentRegion = en;
			hasScannedForEncodings = 0;
			knownRegions = (
				en,
				Base,
			);
			mainGroup = 4EC2D1E024104E2900F5FBE8;
			productRefGroup = 4EC2D1EA24104E2900F5FBE8 /* Products */;
			projectDirPath = "";
			projectRoot = "";
			targets = (
				4EC2D1E824104E2900F5FBE8 /* PeetMee */,
				4EC2D1FE24104E2A00F5FBE8 /* PeetMeeTests */,
				4EC2D20924104E2A00F5FBE8 /* PeetMeeUITests */,
			);
		};
/* End PBXProject section */

/* Begin PBXResourcesBuildPhase section */
		4EC2D1E724104E2900F5FBE8 /* Resources */ = {
			isa = PBXResourcesBuildPhase;
			buildActionMask = 2147483647;
			files = (
				4EC2D1F924104E2A00F5FBE8 /* LaunchScreen.storyboard in Resources */,
				4EC2D1F624104E2A00F5FBE8 /* Assets.xcassets in Resources */,
				4EC2D1F424104E2900F5FBE8 /* Main.storyboard in Resources */,
			);
			runOnlyForDeploymentPostprocessing = 0;
		};
		4EC2D1FD24104E2A00F5FBE8 /* Resources */ = {
			isa = PBXResourcesBuildPhase;
			buildActionMask = 2147483647;
			files = (
			);
			runOnlyForDeploymentPostprocessing = 0;
		};
		4EC2D20824104E2A00F5FBE8 /* Resources */ = {
			isa = PBXResourcesBuildPhase;
			buildActionMask = 2147483647;
			files = (
			);
			runOnlyForDeploymentPostprocessing = 0;
		};
/* End PBXResourcesBuildPhase section */

/* Begin PBXSourcesBuildPhase section */
		4EC2D1E524104E2900F5FBE8 /* Sources */ = {
			isa = PBXSourcesBuildPhase;
			buildActionMask = 2147483647;
			files = (
				4EC2D1F124104E2900F5FBE8 /* ViewController.swift in Sources */,
				4EC2D1ED24104E2900F5FBE8 /* AppDelegate.swift in Sources */,
				4EC2D1EF24104E2900F5FBE8 /* SceneDelegate.swift in Sources */,
			);
			runOnlyForDeploymentPostprocessing = 0;
		};
		4EC2D1FB24104E2A00F5FBE8 /* Sources */ = {
			isa = PBXSourcesBuildPhase;
			buildActionMask = 2147483647;
			files = (
				4EC2D20424104E2A00F5FBE8 /* PeetMeeTests.swift in Sources */,
			);
			runOnlyForDeploymentPostprocessing = 0;
		};
		4EC2D20624104E2A00F5FBE8 /* Sources */ = {
			isa = PBXSourcesBuildPhase;
			buildActionMask = 2147483647;
			files = (
				4EC2D20F24104E2A00F5FBE8 /* PeetMeeUITests.swift in Sources */,
			);
			runOnlyForDeploymentPostprocessing = 0;
		};
/* End PBXSourcesBuildPhase section */

/* Begin PBXTargetDependency section */
		4EC2D20124104E2A00F5FBE8 /* PBXTargetDependency */ = {
			isa = PBXTargetDependency;
			target = 4EC2D1E824104E2900F5FBE8 /* PeetMee */;
			targetProxy = 4EC2D20024104E2A00F5FBE8 /* PBXContainerItemProxy */;
		};
		4EC2D20C24104E2A00F5FBE8 /* PBXTargetDependency */ = {
			isa = PBXTargetDependency;
			target = 4EC2D1E824104E2900F5FBE8 /* PeetMee */;
			targetProxy = 4EC2D20B24104E2A00F5FBE8 /* PBXContainerItemProxy */;
		};
/* End PBXTargetDependency section */

/* Begin PBXVariantGroup section */
		4EC2D1F224104E2900F5FBE8 /* Main.storyboard */ = {
			isa = PBXVariantGroup;
			children = (
				4EC2D1F324104E2900F5FBE8 /* Base */,
			);
			name = Main.storyboard;
			sourceTree = "<group>";
		};
		4EC2D1F724104E2A00F5FBE8 /* LaunchScreen.storyboard */ = {
			isa = PBXVariantGroup;
			children = (
				4EC2D1F824104E2A00F5FBE8 /* Base */,
			);
			name = LaunchScreen.storyboard;
			sourceTree = "<group>";
		};
/* End PBXVariantGroup section */

/* Begin XCBuildConfiguration section */
		4EC2D21124104E2A00F5FBE8 /* Debug */ = {
			isa = XCBuildConfiguration;
			buildSettings = {
				ALWAYS_SEARCH_USER_PATHS = NO;
				CLANG_ANALYZER_NONNULL = YES;
				CLANG_ANALYZER_NUMBER_OBJECT_CONVERSION = YES_AGGRESSIVE;
				CLANG_CXX_LANGUAGE_STANDARD = "gnu++14";
				CLANG_CXX_LIBRARY = "libc++";
				CLANG_ENABLE_MODULES = YES;
				CLANG_ENABLE_OBJC_ARC = YES;
				CLANG_ENABLE_OBJC_WEAK = YES;
				CLANG_WARN_BLOCK_CAPTURE_AUTORELEASING = YES;
				CLANG_WARN_BOOL_CONVERSION = YES;
				CLANG_WARN_COMMA = YES;
				CLANG_WARN_CONSTANT_CONVERSION = YES;
				CLANG_WARN_DEPRECATED_OBJC_IMPLEMENTATIONS = YES;
				CLANG_WARN_DIRECT_OBJC_ISA_USAGE = YES_ERROR;
				CLANG_WARN_DOCUMENTATION_COMMENTS = YES;
				CLANG_WARN_EMPTY_BODY = YES;
				CLANG_WARN_ENUM_CONVERSION = YES;
				CLANG_WARN_INFINITE_RECURSION = YES;
				CLANG_WARN_INT_CONVERSION = YES;
				CLANG_WARN_NON_LITERAL_NULL_CONVERSION = YES;
				CLANG_WARN_OBJC_IMPLICIT_RETAIN_SELF = YES;
				CLANG_WARN_OBJC_LITERAL_CONVERSION = YES;
				CLANG_WARN_OBJC_ROOT_CLASS = YES_ERROR;
				CLANG_WARN_RANGE_LOOP_ANALYSIS = YES;
				CLANG_WARN_STRICT_PROTOTYPES = YES;
				CLANG_WARN_SUSPICIOUS_MOVE = YES;
				CLANG_WARN_UNGUARDED_AVAILABILITY = YES_AGGRESSIVE;
				CLANG_WARN_UNREACHABLE_CODE = YES;
				CLANG_WARN__DUPLICATE_METHOD_MATCH = YES;
				COPY_PHASE_STRIP = NO;
				DEBUG_INFORMATION_FORMAT = dwarf;
				ENABLE_STRICT_OBJC_MSGSEND = YES;
				ENABLE_TESTABILITY = YES;
				GCC_C_LANGUAGE_STANDARD = gnu11;
				GCC_DYNAMIC_NO_PIC = NO;
				GCC_NO_COMMON_BLOCKS = YES;
				GCC_OPTIMIZATION_LEVEL = 0;
				GCC_PREPROCESSOR_DEFINITIONS = (
					"DEBUG=1",
					"$(inherited)",
				);
				GCC_WARN_64_TO_32_BIT_CONVERSION = YES;
				GCC_WARN_ABOUT_RETURN_TYPE = YES_ERROR;
				GCC_WARN_UNDECLARED_SELECTOR = YES;
				GCC_WARN_UNINITIALIZED_AUTOS = YES_AGGRESSIVE;
				GCC_WARN_UNUSED_FUNCTION = YES;
				GCC_WARN_UNUSED_VARIABLE = YES;
				IPHONEOS_DEPLOYMENT_TARGET = 13.0;
				MTL_ENABLE_DEBUG_INFO = INCLUDE_SOURCE;
				MTL_FAST_MATH = YES;
				ONLY_ACTIVE_ARCH = YES;
				SDKROOT = iphoneos;
				SWIFT_ACTIVE_COMPILATION_CONDITIONS = DEBUG;
				SWIFT_OPTIMIZATION_LEVEL = "-Onone";
			};
			name = Debug;
		};
		4EC2D21224104E2A00F5FBE8 /* Release */ = {
			isa = XCBuildConfiguration;
			buildSettings = {
				ALWAYS_SEARCH_USER_PATHS = NO;
				CLANG_ANALYZER_NONNULL = YES;
				CLANG_ANALYZER_NUMBER_OBJECT_CONVERSION = YES_AGGRESSIVE;
				CLANG_CXX_LANGUAGE_STANDARD = "gnu++14";
				CLANG_CXX_LIBRARY = "libc++";
				CLANG_ENABLE_MODULES = YES;
				CLANG_ENABLE_OBJC_ARC = YES;
				CLANG_ENABLE_OBJC_WEAK = YES;
				CLANG_WARN_BLOCK_CAPTURE_AUTORELEASING = YES;
				CLANG_WARN_BOOL_CONVERSION = YES;
				CLANG_WARN_COMMA = YES;
				CLANG_WARN_CONSTANT_CONVERSION = YES;
				CLANG_WARN_DEPRECATED_OBJC_IMPLEMENTATIONS = YES;
				CLANG_WARN_DIRECT_OBJC_ISA_USAGE = YES_ERROR;
				CLANG_WARN_DOCUMENTATION_COMMENTS = YES;
				CLANG_WARN_EMPTY_BODY = YES;
				CLANG_WARN_ENUM_CONVERSION = YES;
				CLANG_WARN_INFINITE_RECURSION = YES;
				CLANG_WARN_INT_CONVERSION = YES;
				CLANG_WARN_NON_LITERAL_NULL_CONVERSION = YES;
				CLANG_WARN_OBJC_IMPLICIT_RETAIN_SELF = YES;
				CLANG_WARN_OBJC_LITERAL_CONVERSION = YES;
				CLANG_WARN_OBJC_ROOT_CLASS = YES_ERROR;
				CLANG_WARN_RANGE_LOOP_ANALYSIS = YES;
				CLANG_WARN_STRICT_PROTOTYPES = YES;
				CLANG_WARN_SUSPICIOUS_MOVE = YES;
				CLANG_WARN_UNGUARDED_AVAILABILITY = YES_AGGRESSIVE;
				CLANG_WARN_UNREACHABLE_CODE = YES;
				CLANG_WARN__DUPLICATE_METHOD_MATCH = YES;
				COPY_PHASE_STRIP = NO;
				DEBUG_INFORMATION_FORMAT = "dwarf-with-dsym";
				ENABLE_NS_ASSERTIONS = NO;
				ENABLE_STRICT_OBJC_MSGSEND = YES;
				GCC_C_LANGUAGE_STANDARD = gnu11;
				GCC_NO_COMMON_BLOCKS = YES;
				GCC_WARN_64_TO_32_BIT_CONVERSION = YES;
				GCC_WARN_ABOUT_RETURN_TYPE = YES_ERROR;
				GCC_WARN_UNDECLARED_SELECTOR = YES;
				GCC_WARN_UNINITIALIZED_AUTOS = YES_AGGRESSIVE;
				GCC_WARN_UNUSED_FUNCTION = YES;
				GCC_WARN_UNUSED_VARIABLE = YES;
				IPHONEOS_DEPLOYMENT_TARGET = 13.0;
				MTL_ENABLE_DEBUG_INFO = NO;
				MTL_FAST_MATH = YES;
				SDKROOT = iphoneos;
				SWIFT_COMPILATION_MODE = wholemodule;
				SWIFT_OPTIMIZATION_LEVEL = "-O";
				VALIDATE_PRODUCT = YES;
			};
			name = Release;
		};
		4EC2D21424104E2A00F5FBE8 /* Debug */ = {
			isa = XCBuildConfiguration;
			buildSettings = {
				ASSETCATALOG_COMPILER_APPICON_NAME = AppIcon;
				CODE_SIGN_STYLE = Automatic;
				INFOPLIST_FILE = PeetMee/Info.plist;
				LD_RUNPATH_SEARCH_PATHS = (
					"$(inherited)",
					"@executable_path/Frameworks",
				);
				PRODUCT_BUNDLE_IDENTIFIER = com.peetmee.PeetMee;
				PRODUCT_NAME = "$(TARGET_NAME)";
				SWIFT_VERSION = 5.0;
				TARGETED_DEVICE_FAMILY = "1,2";
			};
			name = Debug;
		};
		4EC2D21524104E2A00F5FBE8 /* Release */ = {
			isa = XCBuildConfiguration;
			buildSettings = {
				ASSETCATALOG_COMPILER_APPICON_NAME = AppIcon;
				CODE_SIGN_STYLE = Automatic;
				INFOPLIST_FILE = PeetMee/Info.plist;
				LD_RUNPATH_SEARCH_PATHS = (
					"$(inherited)",
					"@executable_path/Frameworks",
				);
				PRODUCT_BUNDLE_IDENTIFIER = com.peetmee.PeetMee;
				PRODUCT_NAME = "$(TARGET_NAME)";
				SWIFT_VERSION = 5.0;
				TARGETED_DEVICE_FAMILY = "1,2";
			};
			name = Release;
		};
		4EC2D21724104E2A00F5FBE8 /* Debug */ = {
			isa = XCBuildConfiguration;
			buildSettings = {
				ALWAYS_EMBED_SWIFT_STANDARD_LIBRARIES = YES;
				BUNDLE_LOADER = "$(TEST_HOST)";
				CODE_SIGN_STYLE = Automatic;
				INFOPLIST_FILE = PeetMeeTests/Info.plist;
				IPHONEOS_DEPLOYMENT_TARGET = 13.0;
				LD_RUNPATH_SEARCH_PATHS = (
					"$(inherited)",
					"@executable_path/Frameworks",
					"@loader_path/Frameworks",
				);
				PRODUCT_BUNDLE_IDENTIFIER = com.peetmee.PeetMeeTests;
				PRODUCT_NAME = "$(TARGET_NAME)";
				SWIFT_VERSION = 5.0;
				TARGETED_DEVICE_FAMILY = "1,2";
				TEST_HOST = "$(BUILT_PRODUCTS_DIR)/PeetMee.app/PeetMee";
			};
			name = Debug;
		};
		4EC2D21824104E2A00F5FBE8 /* Release */ = {
			isa = XCBuildConfiguration;
			buildSettings = {
				ALWAYS_EMBED_SWIFT_STANDARD_LIBRARIES = YES;
				BUNDLE_LOADER = "$(TEST_HOST)";
				CODE_SIGN_STYLE = Automatic;
				INFOPLIST_FILE = PeetMeeTests/Info.plist;
				IPHONEOS_DEPLOYMENT_TARGET = 13.0;
				LD_RUNPATH_SEARCH_PATHS = (
					"$(inherited)",
					"@executable_path/Frameworks",
					"@loader_path/Frameworks",
				);
				PRODUCT_BUNDLE_IDENTIFIER = com.peetmee.PeetMeeTests;
				PRODUCT_NAME = "$(TARGET_NAME)";
				SWIFT_VERSION = 5.0;
				TARGETED_DEVICE_FAMILY = "1,2";
				TEST_HOST = "$(BUILT_PRODUCTS_DIR)/PeetMee.app/PeetMee";
			};
			name = Release;
		};
		4EC2D21A24104E2A00F5FBE8 /* Debug */ = {
			isa = XCBuildConfiguration;
			buildSettings = {
				ALWAYS_EMBED_SWIFT_STANDARD_LIBRARIES = YES;
				CODE_SIGN_STYLE = Automatic;
				INFOPLIST_FILE = PeetMeeUITests/Info.plist;
				LD_RUNPATH_SEARCH_PATHS = (
					"$(inherited)",
					"@executable_path/Frameworks",
					"@loader_path/Frameworks",
				);
				PRODUCT_BUNDLE_IDENTIFIER = com.peetmee.PeetMeeUITests;
				PRODUCT_NAME = "$(TARGET_NAME)";
				SWIFT_VERSION = 5.0;
				TARGETED_DEVICE_FAMILY = "1,2";
				TEST_TARGET_NAME = PeetMee;
			};
			name = Debug;
		};
		4EC2D21B24104E2A00F5FBE8 /* Release */ = {
			isa = XCBuildConfiguration;
			buildSettings = {
				ALWAYS_EMBED_SWIFT_STANDARD_LIBRARIES = YES;
				CODE_SIGN_STYLE = Automatic;
				INFOPLIST_FILE = PeetMeeUITests/Info.plist;
				LD_RUNPATH_SEARCH_PATHS = (
					"$(inherited)",
					"@executable_path/Frameworks",
					"@loader_path/Frameworks",
				);
				PRODUCT_BUNDLE_IDENTIFIER = com.peetmee.PeetMeeUITests;
				PRODUCT_NAME = "$(TARGET_NAME)";
				SWIFT_VERSION = 5.0;
				TARGETED_DEVICE_FAMILY = "1,2";
				TEST_TARGET_NAME = PeetMee;
			};
			name = Release;
		};
/* End XCBuildConfiguration section */

/* Begin XCConfigurationList section */
		4EC2D1E424104E2900F5FBE8 /* Build configuration list for PBXProject "PeetMee" */ = {
			isa = XCConfigurationList;
			buildConfigurations = (
				4EC2D21124104E2A00F5FBE8 /* Debug */,
				4EC2D21224104E2A00F5FBE8 /* Release */,
			);
			defaultConfigurationIsVisible = 0;
			defaultConfigurationName = Release;
		};
		4EC2D21324104E2A00F5FBE8 /* Build configuration list for PBXNativeTarget "PeetMee" */ = {
			isa = XCConfigurationList;
			buildConfigurations = (
				4EC2D21424104E2A00F5FBE8 /* Debug */,
				4EC2D21524104E2A00F5FBE8 /* Release */,
			);
			defaultConfigurationIsVisible = 0;
			defaultConfigurationName = Release;
		};
		4EC2D21624104E2A00F5FBE8 /* Build configuration list for PBXNativeTarget "PeetMeeTests" */ = {
			isa = XCConfigurationList;
			buildConfigurations = (
				4EC2D21724104E2A00F5FBE8 /* Debug */,
				4EC2D21824104E2A00F5FBE8 /* Release */,
			);
			defaultConfigurationIsVisible = 0;
			defaultConfigurationName = Release;
		};
		4EC2D21924104E2A00F5FBE8 /* Build configuration list for PBXNativeTarget "PeetMeeUITests" */ = {
			isa = XCConfigurationList;
			buildConfigurations = (
				4EC2D21A24104E2A00F5FBE8 /* Debug */,
				4EC2D21B24104E2A00F5FBE8 /* Release */,
			);
			defaultConfigurationIsVisible = 0;
			defaultConfigurationName = Release;
		};
/* End XCConfigurationList section */
	};
	rootObject = 4EC2D1E124104E2900F5FBE8 /* Project object */;
}
